// !$*UTF8*$!
{
	archiveVersion = 1;
	classes = {
	};
	objectVersion = 50;
	objects = {

/* Begin PBXBuildFile section */
		19DD539932C17FABD1BC688A /* Pods_InstagramTests.framework in Frameworks */ = {isa = PBXBuildFile; fileRef = 9C33B51BD0AC49DB0A2ACBC8 /* Pods_InstagramTests.framework */; };
		3ACCA632A776251445FE9AE2 /* Pods_Instagram.framework in Frameworks */ = {isa = PBXBuildFile; fileRef = 0232FC0ABF88BB41645C314D /* Pods_Instagram.framework */; };
		401EACC923FB53A000FCE6C1 /* AppDelegate.swift in Sources */ = {isa = PBXBuildFile; fileRef = 401EACC823FB53A000FCE6C1 /* AppDelegate.swift */; };
		401EACCB23FB53A000FCE6C1 /* SceneDelegate.swift in Sources */ = {isa = PBXBuildFile; fileRef = 401EACCA23FB53A000FCE6C1 /* SceneDelegate.swift */; };
		401EACCD23FB53A000FCE6C1 /* ViewController.swift in Sources */ = {isa = PBXBuildFile; fileRef = 401EACCC23FB53A000FCE6C1 /* ViewController.swift */; };
		401EACD023FB53A000FCE6C1 /* Main.storyboard in Resources */ = {isa = PBXBuildFile; fileRef = 401EACCE23FB53A000FCE6C1 /* Main.storyboard */; };
		401EACD223FB53A100FCE6C1 /* Assets.xcassets in Resources */ = {isa = PBXBuildFile; fileRef = 401EACD123FB53A100FCE6C1 /* Assets.xcassets */; };
		401EACD523FB53A100FCE6C1 /* LaunchScreen.storyboard in Resources */ = {isa = PBXBuildFile; fileRef = 401EACD323FB53A100FCE6C1 /* LaunchScreen.storyboard */; };
		401EACE023FB53A100FCE6C1 /* InstagramTests.swift in Sources */ = {isa = PBXBuildFile; fileRef = 401EACDF23FB53A100FCE6C1 /* InstagramTests.swift */; };
		401EACEB23FB53A100FCE6C1 /* InstagramUITests.swift in Sources */ = {isa = PBXBuildFile; fileRef = 401EACEA23FB53A100FCE6C1 /* InstagramUITests.swift */; };
		CB9872C88C64D05F523BCB1D /* Pods_Instagram_InstagramUITests.framework in Frameworks */ = {isa = PBXBuildFile; fileRef = 49ED14E0B665BF422A323501 /* Pods_Instagram_InstagramUITests.framework */; };
/* End PBXBuildFile section */

/* Begin PBXContainerItemProxy section */
		401EACDC23FB53A100FCE6C1 /* PBXContainerItemProxy */ = {
			isa = PBXContainerItemProxy;
			containerPortal = 401EACBD23FB53A000FCE6C1 /* Project object */;
			proxyType = 1;
			remoteGlobalIDString = 401EACC423FB53A000FCE6C1;
			remoteInfo = Instagram;
		};
		401EACE723FB53A100FCE6C1 /* PBXContainerItemProxy */ = {
			isa = PBXContainerItemProxy;
			containerPortal = 401EACBD23FB53A000FCE6C1 /* Project object */;
			proxyType = 1;
			remoteGlobalIDString = 401EACC423FB53A000FCE6C1;
			remoteInfo = Instagram;
		};
/* End PBXContainerItemProxy section */

/* Begin PBXFileReference section */
		0232FC0ABF88BB41645C314D /* Pods_Instagram.framework */ = {isa = PBXFileReference; explicitFileType = wrapper.framework; includeInIndex = 0; path = Pods_Instagram.framework; sourceTree = BUILT_PRODUCTS_DIR; };
		04C206FFF915D97CA74158AC /* Pods-Instagram.debug.xcconfig */ = {isa = PBXFileReference; includeInIndex = 1; lastKnownFileType = text.xcconfig; name = "Pods-Instagram.debug.xcconfig"; path = "Target Support Files/Pods-Instagram/Pods-Instagram.debug.xcconfig"; sourceTree = "<group>"; };
		1999DE967B40420711777E2E /* Pods-Instagram-InstagramUITests.debug.xcconfig */ = {isa = PBXFileReference; includeInIndex = 1; lastKnownFileType = text.xcconfig; name = "Pods-Instagram-InstagramUITests.debug.xcconfig"; path = "Target Support Files/Pods-Instagram-InstagramUITests/Pods-Instagram-InstagramUITests.debug.xcconfig"; sourceTree = "<group>"; };
		1D5FAD7E86D53C4D322D45AB /* Pods-InstagramTests.release.xcconfig */ = {isa = PBXFileReference; includeInIndex = 1; lastKnownFileType = text.xcconfig; name = "Pods-InstagramTests.release.xcconfig"; path = "Target Support Files/Pods-InstagramTests/Pods-InstagramTests.release.xcconfig"; sourceTree = "<group>"; };
		2E068F140CEC4B7E64523E18 /* Pods-InstagramTests.debug.xcconfig */ = {isa = PBXFileReference; includeInIndex = 1; lastKnownFileType = text.xcconfig; name = "Pods-InstagramTests.debug.xcconfig"; path = "Target Support Files/Pods-InstagramTests/Pods-InstagramTests.debug.xcconfig"; sourceTree = "<group>"; };
		401EACC523FB53A000FCE6C1 /* Instagram.app */ = {isa = PBXFileReference; explicitFileType = wrapper.application; includeInIndex = 0; path = Instagram.app; sourceTree = BUILT_PRODUCTS_DIR; };
		401EACC823FB53A000FCE6C1 /* AppDelegate.swift */ = {isa = PBXFileReference; lastKnownFileType = sourcecode.swift; path = AppDelegate.swift; sourceTree = "<group>"; };
		401EACCA23FB53A000FCE6C1 /* SceneDelegate.swift */ = {isa = PBXFileReference; lastKnownFileType = sourcecode.swift; path = SceneDelegate.swift; sourceTree = "<group>"; };
		401EACCC23FB53A000FCE6C1 /* ViewController.swift */ = {isa = PBXFileReference; lastKnownFileType = sourcecode.swift; path = ViewController.swift; sourceTree = "<group>"; };
		401EACCF23FB53A000FCE6C1 /* Base */ = {isa = PBXFileReference; lastKnownFileType = file.storyboard; name = Base; path = Base.lproj/Main.storyboard; sourceTree = "<group>"; };
		401EACD123FB53A100FCE6C1 /* Assets.xcassets */ = {isa = PBXFileReference; lastKnownFileType = folder.assetcatalog; path = Assets.xcassets; sourceTree = "<group>"; };
		401EACD423FB53A100FCE6C1 /* Base */ = {isa = PBXFileReference; lastKnownFileType = file.storyboard; name = Base; path = Base.lproj/LaunchScreen.storyboard; sourceTree = "<group>"; };
		401EACD623FB53A100FCE6C1 /* Info.plist */ = {isa = PBXFileReference; lastKnownFileType = text.plist.xml; path = Info.plist; sourceTree = "<group>"; };
		401EACDB23FB53A100FCE6C1 /* InstagramTests.xctest */ = {isa = PBXFileReference; explicitFileType = wrapper.cfbundle; includeInIndex = 0; path = InstagramTests.xctest; sourceTree = BUILT_PRODUCTS_DIR; };
		401EACDF23FB53A100FCE6C1 /* InstagramTests.swift */ = {isa = PBXFileReference; lastKnownFileType = sourcecode.swift; path = InstagramTests.swift; sourceTree = "<group>"; };
		401EACE123FB53A100FCE6C1 /* Info.plist */ = {isa = PBXFileReference; lastKnownFileType = text.plist.xml; path = Info.plist; sourceTree = "<group>"; };
		401EACE623FB53A100FCE6C1 /* InstagramUITests.xctest */ = {isa = PBXFileReference; explicitFileType = wrapper.cfbundle; includeInIndex = 0; path = InstagramUITests.xctest; sourceTree = BUILT_PRODUCTS_DIR; };
		401EACEA23FB53A100FCE6C1 /* InstagramUITests.swift */ = {isa = PBXFileReference; lastKnownFileType = sourcecode.swift; path = InstagramUITests.swift; sourceTree = "<group>"; };
		401EACEC23FB53A100FCE6C1 /* Info.plist */ = {isa = PBXFileReference; lastKnownFileType = text.plist.xml; path = Info.plist; sourceTree = "<group>"; };
		49ED14E0B665BF422A323501 /* Pods_Instagram_InstagramUITests.framework */ = {isa = PBXFileReference; explicitFileType = wrapper.framework; includeInIndex = 0; path = Pods_Instagram_InstagramUITests.framework; sourceTree = BUILT_PRODUCTS_DIR; };
		9C33B51BD0AC49DB0A2ACBC8 /* Pods_InstagramTests.framework */ = {isa = PBXFileReference; explicitFileType = wrapper.framework; includeInIndex = 0; path = Pods_InstagramTests.framework; sourceTree = BUILT_PRODUCTS_DIR; };
		DD3DF493D41402AE2A1DAE08 /* Pods-Instagram.release.xcconfig */ = {isa = PBXFileReference; includeInIndex = 1; lastKnownFileType = text.xcconfig; name = "Pods-Instagram.release.xcconfig"; path = "Target Support Files/Pods-Instagram/Pods-Instagram.release.xcconfig"; sourceTree = "<group>"; };
		FD70C9F93A7116AECF69898C /* Pods-Instagram-InstagramUITests.release.xcconfig */ = {isa = PBXFileReference; includeInIndex = 1; lastKnownFileType = text.xcconfig; name = "Pods-Instagram-InstagramUITests.release.xcconfig"; path = "Target Support Files/Pods-Instagram-InstagramUITests/Pods-Instagram-InstagramUITests.release.xcconfig"; sourceTree = "<group>"; };
/* End PBXFileReference section */

/* Begin PBXFrameworksBuildPhase section */
		401EACC223FB53A000FCE6C1 /* Frameworks */ = {
			isa = PBXFrameworksBuildPhase;
			buildActionMask = 2147483647;
			files = (
				3ACCA632A776251445FE9AE2 /* Pods_Instagram.framework in Frameworks */,
			);
			runOnlyForDeploymentPostprocessing = 0;
		};
		401EACD823FB53A100FCE6C1 /* Frameworks */ = {
			isa = PBXFrameworksBuildPhase;
			buildActionMask = 2147483647;
			files = (
				19DD539932C17FABD1BC688A /* Pods_InstagramTests.framework in Frameworks */,
			);
			runOnlyForDeploymentPostprocessing = 0;
		};
		401EACE323FB53A100FCE6C1 /* Frameworks */ = {
			isa = PBXFrameworksBuildPhase;
			buildActionMask = 2147483647;
			files = (
				CB9872C88C64D05F523BCB1D /* Pods_Instagram_InstagramUITests.framework in Frameworks */,
			);
			runOnlyForDeploymentPostprocessing = 0;
		};
/* End PBXFrameworksBuildPhase section */

/* Begin PBXGroup section */
		2C30AD84B92CFFAE0AC88FC3 /* Pods */ = {
			isa = PBXGroup;
			children = (
				04C206FFF915D97CA74158AC /* Pods-Instagram.debug.xcconfig */,
				DD3DF493D41402AE2A1DAE08 /* Pods-Instagram.release.xcconfig */,
				1999DE967B40420711777E2E /* Pods-Instagram-InstagramUITests.debug.xcconfig */,
				FD70C9F93A7116AECF69898C /* Pods-Instagram-InstagramUITests.release.xcconfig */,
				2E068F140CEC4B7E64523E18 /* Pods-InstagramTests.debug.xcconfig */,
				1D5FAD7E86D53C4D322D45AB /* Pods-InstagramTests.release.xcconfig */,
			);
			name = Pods;
			path = Pods;
			sourceTree = "<group>";
		};
		401EACBC23FB53A000FCE6C1 = {
			isa = PBXGroup;
			children = (
				401EACC723FB53A000FCE6C1 /* Instagram */,
				401EACDE23FB53A100FCE6C1 /* InstagramTests */,
				401EACE923FB53A100FCE6C1 /* InstagramUITests */,
				401EACC623FB53A000FCE6C1 /* Products */,
				2C30AD84B92CFFAE0AC88FC3 /* Pods */,
				4F7C3DCBD5D9102556013A38 /* Frameworks */,
			);
			sourceTree = "<group>";
		};
		401EACC623FB53A000FCE6C1 /* Products */ = {
			isa = PBXGroup;
			children = (
				401EACC523FB53A000FCE6C1 /* Instagram.app */,
				401EACDB23FB53A100FCE6C1 /* InstagramTests.xctest */,
				401EACE623FB53A100FCE6C1 /* InstagramUITests.xctest */,
			);
			name = Products;
			sourceTree = "<group>";
		};
		401EACC723FB53A000FCE6C1 /* Instagram */ = {
			isa = PBXGroup;
			children = (
				401EACC823FB53A000FCE6C1 /* AppDelegate.swift */,
				401EACCA23FB53A000FCE6C1 /* SceneDelegate.swift */,
				401EACCC23FB53A000FCE6C1 /* ViewController.swift */,
				401EACCE23FB53A000FCE6C1 /* Main.storyboard */,
				401EACD123FB53A100FCE6C1 /* Assets.xcassets */,
				401EACD323FB53A100FCE6C1 /* LaunchScreen.storyboard */,
				401EACD623FB53A100FCE6C1 /* Info.plist */,
			);
			path = Instagram;
			sourceTree = "<group>";
		};
		401EACDE23FB53A100FCE6C1 /* InstagramTests */ = {
			isa = PBXGroup;
			children = (
				401EACDF23FB53A100FCE6C1 /* InstagramTests.swift */,
				401EACE123FB53A100FCE6C1 /* Info.plist */,
			);
			path = InstagramTests;
			sourceTree = "<group>";
		};
		401EACE923FB53A100FCE6C1 /* InstagramUITests */ = {
			isa = PBXGroup;
			children = (
				401EACEA23FB53A100FCE6C1 /* InstagramUITests.swift */,
				401EACEC23FB53A100FCE6C1 /* Info.plist */,
			);
			path = InstagramUITests;
			sourceTree = "<group>";
		};
		4F7C3DCBD5D9102556013A38 /* Frameworks */ = {
			isa = PBXGroup;
			children = (
				0232FC0ABF88BB41645C314D /* Pods_Instagram.framework */,
				49ED14E0B665BF422A323501 /* Pods_Instagram_InstagramUITests.framework */,
				9C33B51BD0AC49DB0A2ACBC8 /* Pods_InstagramTests.framework */,
			);
			name = Frameworks;
			sourceTree = "<group>";
		};
/* End PBXGroup section */

/* Begin PBXNativeTarget section */
		401EACC423FB53A000FCE6C1 /* Instagram */ = {
			isa = PBXNativeTarget;
			buildConfigurationList = 401EACEF23FB53A100FCE6C1 /* Build configuration list for PBXNativeTarget "Instagram" */;
			buildPhases = (
				F68C738DD2920825815CC0AD /* [CP] Check Pods Manifest.lock */,
				401EACC123FB53A000FCE6C1 /* Sources */,
				401EACC223FB53A000FCE6C1 /* Frameworks */,
				401EACC323FB53A000FCE6C1 /* Resources */,
				97D49F3B73783DAD58F2C9E4 /* [CP] Embed Pods Frameworks */,
			);
			buildRules = (
			);
			dependencies = (
			);
			name = Instagram;
			productName = Instagram;
			productReference = 401EACC523FB53A000FCE6C1 /* Instagram.app */;
			productType = "com.apple.product-type.application";
		};
		401EACDA23FB53A100FCE6C1 /* InstagramTests */ = {
			isa = PBXNativeTarget;
			buildConfigurationList = 401EACF223FB53A100FCE6C1 /* Build configuration list for PBXNativeTarget "InstagramTests" */;
			buildPhases = (
				DFC666D05271367D93523DA8 /* [CP] Check Pods Manifest.lock */,
				401EACD723FB53A100FCE6C1 /* Sources */,
				401EACD823FB53A100FCE6C1 /* Frameworks */,
				401EACD923FB53A100FCE6C1 /* Resources */,
			);
			buildRules = (
			);
			dependencies = (
				401EACDD23FB53A100FCE6C1 /* PBXTargetDependency */,
			);
			name = InstagramTests;
			productName = InstagramTests;
			productReference = 401EACDB23FB53A100FCE6C1 /* InstagramTests.xctest */;
			productType = "com.apple.product-type.bundle.unit-test";
		};
		401EACE523FB53A100FCE6C1 /* InstagramUITests */ = {
			isa = PBXNativeTarget;
			buildConfigurationList = 401EACF523FB53A100FCE6C1 /* Build configuration list for PBXNativeTarget "InstagramUITests" */;
			buildPhases = (
				9B92767A8399DB27DDA23F62 /* [CP] Check Pods Manifest.lock */,
				401EACE223FB53A100FCE6C1 /* Sources */,
				401EACE323FB53A100FCE6C1 /* Frameworks */,
				401EACE423FB53A100FCE6C1 /* Resources */,
				B94573413BFD70B2C42E5283 /* [CP] Embed Pods Frameworks */,
			);
			buildRules = (
			);
			dependencies = (
				401EACE823FB53A100FCE6C1 /* PBXTargetDependency */,
			);
			name = InstagramUITests;
			productName = InstagramUITests;
			productReference = 401EACE623FB53A100FCE6C1 /* InstagramUITests.xctest */;
			productType = "com.apple.product-type.bundle.ui-testing";
		};
/* End PBXNativeTarget section */

/* Begin PBXProject section */
		401EACBD23FB53A000FCE6C1 /* Project object */ = {
			isa = PBXProject;
			attributes = {
				LastSwiftUpdateCheck = 1130;
				LastUpgradeCheck = 1130;
				ORGANIZATIONNAME = Tony;
				TargetAttributes = {
					401EACC423FB53A000FCE6C1 = {
						CreatedOnToolsVersion = 11.3.1;
					};
					401EACDA23FB53A100FCE6C1 = {
						CreatedOnToolsVersion = 11.3.1;
						TestTargetID = 401EACC423FB53A000FCE6C1;
					};
					401EACE523FB53A100FCE6C1 = {
						CreatedOnToolsVersion = 11.3.1;
						TestTargetID = 401EACC423FB53A000FCE6C1;
					};
				};
			};
			buildConfigurationList = 401EACC023FB53A000FCE6C1 /* Build configuration list for PBXProject "Instagram" */;
			compatibilityVersion = "Xcode 9.3";
			developmentRegion = en;
			hasScannedForEncodings = 0;
			knownRegions = (
				en,
				Base,
			);
			mainGroup = 401EACBC23FB53A000FCE6C1;
			productRefGroup = 401EACC623FB53A000FCE6C1 /* Products */;
			projectDirPath = "";
			projectRoot = "";
			targets = (
				401EACC423FB53A000FCE6C1 /* Instagram */,
				401EACDA23FB53A100FCE6C1 /* InstagramTests */,
				401EACE523FB53A100FCE6C1 /* InstagramUITests */,
			);
		};
/* End PBXProject section */

/* Begin PBXResourcesBuildPhase section */
		401EACC323FB53A000FCE6C1 /* Resources */ = {
			isa = PBXResourcesBuildPhase;
			buildActionMask = 2147483647;
			files = (
				401EACD523FB53A100FCE6C1 /* LaunchScreen.storyboard in Resources */,
				401EACD223FB53A100FCE6C1 /* Assets.xcassets in Resources */,
				401EACD023FB53A000FCE6C1 /* Main.storyboard in Resources */,
			);
			runOnlyForDeploymentPostprocessing = 0;
		};
		401EACD923FB53A100FCE6C1 /* Resources */ = {
			isa = PBXResourcesBuildPhase;
			buildActionMask = 2147483647;
			files = (
			);
			runOnlyForDeploymentPostprocessing = 0;
		};
		401EACE423FB53A100FCE6C1 /* Resources */ = {
			isa = PBXResourcesBuildPhase;
			buildActionMask = 2147483647;
			files = (
			);
			runOnlyForDeploymentPostprocessing = 0;
		};
/* End PBXResourcesBuildPhase section */

/* Begin PBXShellScriptBuildPhase section */
		97D49F3B73783DAD58F2C9E4 /* [CP] Embed Pods Frameworks */ = {
			isa = PBXShellScriptBuildPhase;
			buildActionMask = 2147483647;
			files = (
			);
			inputFileListPaths = (
				"${PODS_ROOT}/Target Support Files/Pods-Instagram/Pods-Instagram-frameworks-${CONFIGURATION}-input-files.xcfilelist",
			);
			name = "[CP] Embed Pods Frameworks";
			outputFileListPaths = (
				"${PODS_ROOT}/Target Support Files/Pods-Instagram/Pods-Instagram-frameworks-${CONFIGURATION}-output-files.xcfilelist",
			);
			runOnlyForDeploymentPostprocessing = 0;
			shellPath = /bin/sh;
			shellScript = "\"${PODS_ROOT}/Target Support Files/Pods-Instagram/Pods-Instagram-frameworks.sh\"\n";
			showEnvVarsInLog = 0;
		};
		9B92767A8399DB27DDA23F62 /* [CP] Check Pods Manifest.lock */ = {
			isa = PBXShellScriptBuildPhase;
			buildActionMask = 2147483647;
			files = (
			);
			inputFileListPaths = (
			);
			inputPaths = (
				"${PODS_PODFILE_DIR_PATH}/Podfile.lock",
				"${PODS_ROOT}/Manifest.lock",
			);
			name = "[CP] Check Pods Manifest.lock";
			outputFileListPaths = (
			);
			outputPaths = (
				"$(DERIVED_FILE_DIR)/Pods-Instagram-InstagramUITests-checkManifestLockResult.txt",
			);
			runOnlyForDeploymentPostprocessing = 0;
			shellPath = /bin/sh;
			shellScript = "diff \"${PODS_PODFILE_DIR_PATH}/Podfile.lock\" \"${PODS_ROOT}/Manifest.lock\" > /dev/null\nif [ $? != 0 ] ; then\n    # print error to STDERR\n    echo \"error: The sandbox is not in sync with the Podfile.lock. Run 'pod install' or update your CocoaPods installation.\" >&2\n    exit 1\nfi\n# This output is used by Xcode 'outputs' to avoid re-running this script phase.\necho \"SUCCESS\" > \"${SCRIPT_OUTPUT_FILE_0}\"\n";
			showEnvVarsInLog = 0;
		};
		B94573413BFD70B2C42E5283 /* [CP] Embed Pods Frameworks */ = {
			isa = PBXShellScriptBuildPhase;
			buildActionMask = 2147483647;
			files = (
			);
			inputFileListPaths = (
				"${PODS_ROOT}/Target Support Files/Pods-Instagram-InstagramUITests/Pods-Instagram-InstagramUITests-frameworks-${CONFIGURATION}-input-files.xcfilelist",
			);
			name = "[CP] Embed Pods Frameworks";
			outputFileListPaths = (
				"${PODS_ROOT}/Target Support Files/Pods-Instagram-InstagramUITests/Pods-Instagram-InstagramUITests-frameworks-${CONFIGURATION}-output-files.xcfilelist",
			);
			runOnlyForDeploymentPostprocessing = 0;
			shellPath = /bin/sh;
			shellScript = "\"${PODS_ROOT}/Target Support Files/Pods-Instagram-InstagramUITests/Pods-Instagram-InstagramUITests-frameworks.sh\"\n";
			showEnvVarsInLog = 0;
		};
		DFC666D05271367D93523DA8 /* [CP] Check Pods Manifest.lock */ = {
			isa = PBXShellScriptBuildPhase;
			buildActionMask = 2147483647;
			files = (
			);
			inputFileListPaths = (
			);
			inputPaths = (
				"${PODS_PODFILE_DIR_PATH}/Podfile.lock",
				"${PODS_ROOT}/Manifest.lock",
			);
			name = "[CP] Check Pods Manifest.lock";
			outputFileListPaths = (
			);
			outputPaths = (
				"$(DERIVED_FILE_DIR)/Pods-InstagramTests-checkManifestLockResult.txt",
			);
			runOnlyForDeploymentPostprocessing = 0;
			shellPath = /bin/sh;
			shellScript = "diff \"${PODS_PODFILE_DIR_PATH}/Podfile.lock\" \"${PODS_ROOT}/Manifest.lock\" > /dev/null\nif [ $? != 0 ] ; then\n    # print error to STDERR\n    echo \"error: The sandbox is not in sync with the Podfile.lock. Run 'pod install' or update your CocoaPods installation.\" >&2\n    exit 1\nfi\n# This output is used by Xcode 'outputs' to avoid re-running this script phase.\necho \"SUCCESS\" > \"${SCRIPT_OUTPUT_FILE_0}\"\n";
			showEnvVarsInLog = 0;
		};
		F68C738DD2920825815CC0AD /* [CP] Check Pods Manifest.lock */ = {
			isa = PBXShellScriptBuildPhase;
			buildActionMask = 2147483647;
			files = (
			);
			inputFileListPaths = (
			);
			inputPaths = (
				"${PODS_PODFILE_DIR_PATH}/Podfile.lock",
				"${PODS_ROOT}/Manifest.lock",
			);
			name = "[CP] Check Pods Manifest.lock";
			outputFileListPaths = (
			);
			outputPaths = (
				"$(DERIVED_FILE_DIR)/Pods-Instagram-checkManifestLockResult.txt",
			);
			runOnlyForDeploymentPostprocessing = 0;
			shellPath = /bin/sh;
			shellScript = "diff \"${PODS_PODFILE_DIR_PATH}/Podfile.lock\" \"${PODS_ROOT}/Manifest.lock\" > /dev/null\nif [ $? != 0 ] ; then\n    # print error to STDERR\n    echo \"error: The sandbox is not in sync with the Podfile.lock. Run 'pod install' or update your CocoaPods installation.\" >&2\n    exit 1\nfi\n# This output is used by Xcode 'outputs' to avoid re-running this script phase.\necho \"SUCCESS\" > \"${SCRIPT_OUTPUT_FILE_0}\"\n";
			showEnvVarsInLog = 0;
		};
/* End PBXShellScriptBuildPhase section */

/* Begin PBXSourcesBuildPhase section */
		401EACC123FB53A000FCE6C1 /* Sources */ = {
			isa = PBXSourcesBuildPhase;
			buildActionMask = 2147483647;
			files = (
				401EACCD23FB53A000FCE6C1 /* ViewController.swift in Sources */,
				401EACC923FB53A000FCE6C1 /* AppDelegate.swift in Sources */,
				401EACCB23FB53A000FCE6C1 /* SceneDelegate.swift in Sources */,
			);
			runOnlyForDeploymentPostprocessing = 0;
		};
		401EACD723FB53A100FCE6C1 /* Sources */ = {
			isa = PBXSourcesBuildPhase;
			buildActionMask = 2147483647;
			files = (
				401EACE023FB53A100FCE6C1 /* InstagramTests.swift in Sources */,
			);
			runOnlyForDeploymentPostprocessing = 0;
		};
		401EACE223FB53A100FCE6C1 /* Sources */ = {
			isa = PBXSourcesBuildPhase;
			buildActionMask = 2147483647;
			files = (
				401EACEB23FB53A100FCE6C1 /* InstagramUITests.swift in Sources */,
			);
			runOnlyForDeploymentPostprocessing = 0;
		};
/* End PBXSourcesBuildPhase section */

/* Begin PBXTargetDependency section */
		401EACDD23FB53A100FCE6C1 /* PBXTargetDependency */ = {
			isa = PBXTargetDependency;
			target = 401EACC423FB53A000FCE6C1 /* Instagram */;
			targetProxy = 401EACDC23FB53A100FCE6C1 /* PBXContainerItemProxy */;
		};
		401EACE823FB53A100FCE6C1 /* PBXTargetDependency */ = {
			isa = PBXTargetDependency;
			target = 401EACC423FB53A000FCE6C1 /* Instagram */;
			targetProxy = 401EACE723FB53A100FCE6C1 /* PBXContainerItemProxy */;
		};
/* End PBXTargetDependency section */

/* Begin PBXVariantGroup section */
		401EACCE23FB53A000FCE6C1 /* Main.storyboard */ = {
			isa = PBXVariantGroup;
			children = (
				401EACCF23FB53A000FCE6C1 /* Base */,
			);
			name = Main.storyboard;
			sourceTree = "<group>";
		};
		401EACD323FB53A100FCE6C1 /* LaunchScreen.storyboard */ = {
			isa = PBXVariantGroup;
			children = (
				401EACD423FB53A100FCE6C1 /* Base */,
			);
			name = LaunchScreen.storyboard;
			sourceTree = "<group>";
		};
/* End PBXVariantGroup section */

/* Begin XCBuildConfiguration section */
		401EACED23FB53A100FCE6C1 /* Debug */ = {
			isa = XCBuildConfiguration;
			buildSettings = {
				ALWAYS_SEARCH_USER_PATHS = NO;
				CLANG_ANALYZER_NONNULL = YES;
				CLANG_ANALYZER_NUMBER_OBJECT_CONVERSION = YES_AGGRESSIVE;
				CLANG_CXX_LANGUAGE_STANDARD = "gnu++14";
				CLANG_CXX_LIBRARY = "libc++";
				CLANG_ENABLE_MODULES = YES;
				CLANG_ENABLE_OBJC_ARC = YES;
				CLANG_ENABLE_OBJC_WEAK = YES;
				CLANG_WARN_BLOCK_CAPTURE_AUTORELEASING = YES;
				CLANG_WARN_BOOL_CONVERSION = YES;
				CLANG_WARN_COMMA = YES;
				CLANG_WARN_CONSTANT_CONVERSION = YES;
				CLANG_WARN_DEPRECATED_OBJC_IMPLEMENTATIONS = YES;
				CLANG_WARN_DIRECT_OBJC_ISA_USAGE = YES_ERROR;
				CLANG_WARN_DOCUMENTATION_COMMENTS = YES;
				CLANG_WARN_EMPTY_BODY = YES;
				CLANG_WARN_ENUM_CONVERSION = YES;
				CLANG_WARN_INFINITE_RECURSION = YES;
				CLANG_WARN_INT_CONVERSION = YES;
				CLANG_WARN_NON_LITERAL_NULL_CONVERSION = YES;
				CLANG_WARN_OBJC_IMPLICIT_RETAIN_SELF = YES;
				CLANG_WARN_OBJC_LITERAL_CONVERSION = YES;
				CLANG_WARN_OBJC_ROOT_CLASS = YES_ERROR;
				CLANG_WARN_RANGE_LOOP_ANALYSIS = YES;
				CLANG_WARN_STRICT_PROTOTYPES = YES;
				CLANG_WARN_SUSPICIOUS_MOVE = YES;
				CLANG_WARN_UNGUARDED_AVAILABILITY = YES_AGGRESSIVE;
				CLANG_WARN_UNREACHABLE_CODE = YES;
				CLANG_WARN__DUPLICATE_METHOD_MATCH = YES;
				COPY_PHASE_STRIP = NO;
				DEBUG_INFORMATION_FORMAT = dwarf;
				ENABLE_STRICT_OBJC_MSGSEND = YES;
				ENABLE_TESTABILITY = YES;
				GCC_C_LANGUAGE_STANDARD = gnu11;
				GCC_DYNAMIC_NO_PIC = NO;
				GCC_NO_COMMON_BLOCKS = YES;
				GCC_OPTIMIZATION_LEVEL = 0;
				GCC_PREPROCESSOR_DEFINITIONS = (
					"DEBUG=1",
					"$(inherited)",
				);
				GCC_WARN_64_TO_32_BIT_CONVERSION = YES;
				GCC_WARN_ABOUT_RETURN_TYPE = YES_ERROR;
				GCC_WARN_UNDECLARED_SELECTOR = YES;
				GCC_WARN_UNINITIALIZED_AUTOS = YES_AGGRESSIVE;
				GCC_WARN_UNUSED_FUNCTION = YES;
				GCC_WARN_UNUSED_VARIABLE = YES;
				IPHONEOS_DEPLOYMENT_TARGET = 13.2;
				MTL_ENABLE_DEBUG_INFO = INCLUDE_SOURCE;
				MTL_FAST_MATH = YES;
				ONLY_ACTIVE_ARCH = YES;
				SDKROOT = iphoneos;
				SWIFT_ACTIVE_COMPILATION_CONDITIONS = DEBUG;
				SWIFT_OPTIMIZATION_LEVEL = "-Onone";
			};
			name = Debug;
		};
		401EACEE23FB53A100FCE6C1 /* Release */ = {
			isa = XCBuildConfiguration;
			buildSettings = {
				ALWAYS_SEARCH_USER_PATHS = NO;
				CLANG_ANALYZER_NONNULL = YES;
				CLANG_ANALYZER_NUMBER_OBJECT_CONVERSION = YES_AGGRESSIVE;
				CLANG_CXX_LANGUAGE_STANDARD = "gnu++14";
				CLANG_CXX_LIBRARY = "libc++";
				CLANG_ENABLE_MODULES = YES;
				CLANG_ENABLE_OBJC_ARC = YES;
				CLANG_ENABLE_OBJC_WEAK = YES;
				CLANG_WARN_BLOCK_CAPTURE_AUTORELEASING = YES;
				CLANG_WARN_BOOL_CONVERSION = YES;
				CLANG_WARN_COMMA = YES;
				CLANG_WARN_CONSTANT_CONVERSION = YES;
				CLANG_WARN_DEPRECATED_OBJC_IMPLEMENTATIONS = YES;
				CLANG_WARN_DIRECT_OBJC_ISA_USAGE = YES_ERROR;
				CLANG_WARN_DOCUMENTATION_COMMENTS = YES;
				CLANG_WARN_EMPTY_BODY = YES;
				CLANG_WARN_ENUM_CONVERSION = YES;
				CLANG_WARN_INFINITE_RECURSION = YES;
				CLANG_WARN_INT_CONVERSION = YES;
				CLANG_WARN_NON_LITERAL_NULL_CONVERSION = YES;
				CLANG_WARN_OBJC_IMPLICIT_RETAIN_SELF = YES;
				CLANG_WARN_OBJC_LITERAL_CONVERSION = YES;
				CLANG_WARN_OBJC_ROOT_CLASS = YES_ERROR;
				CLANG_WARN_RANGE_LOOP_ANALYSIS = YES;
				CLANG_WARN_STRICT_PROTOTYPES = YES;
				CLANG_WARN_SUSPICIOUS_MOVE = YES;
				CLANG_WARN_UNGUARDED_AVAILABILITY = YES_AGGRESSIVE;
				CLANG_WARN_UNREACHABLE_CODE = YES;
				CLANG_WARN__DUPLICATE_METHOD_MATCH = YES;
				COPY_PHASE_STRIP = NO;
				DEBUG_INFORMATION_FORMAT = "dwarf-with-dsym";
				ENABLE_NS_ASSERTIONS = NO;
				ENABLE_STRICT_OBJC_MSGSEND = YES;
				GCC_C_LANGUAGE_STANDARD = gnu11;
				GCC_NO_COMMON_BLOCKS = YES;
				GCC_WARN_64_TO_32_BIT_CONVERSION = YES;
				GCC_WARN_ABOUT_RETURN_TYPE = YES_ERROR;
				GCC_WARN_UNDECLARED_SELECTOR = YES;
				GCC_WARN_UNINITIALIZED_AUTOS = YES_AGGRESSIVE;
				GCC_WARN_UNUSED_FUNCTION = YES;
				GCC_WARN_UNUSED_VARIABLE = YES;
				IPHONEOS_DEPLOYMENT_TARGET = 13.2;
				MTL_ENABLE_DEBUG_INFO = NO;
				MTL_FAST_MATH = YES;
				SDKROOT = iphoneos;
				SWIFT_COMPILATION_MODE = wholemodule;
				SWIFT_OPTIMIZATION_LEVEL = "-O";
				VALIDATE_PRODUCT = YES;
			};
			name = Release;
		};
		401EACF023FB53A100FCE6C1 /* Debug */ = {
			isa = XCBuildConfiguration;
			baseConfigurationReference = 04C206FFF915D97CA74158AC /* Pods-Instagram.debug.xcconfig */;
			buildSettings = {
				ASSETCATALOG_COMPILER_APPICON_NAME = AppIcon;
				CODE_SIGN_STYLE = Automatic;
				DEVELOPMENT_TEAM = FEEKDZ763L;
				INFOPLIST_FILE = Instagram/Info.plist;
				LD_RUNPATH_SEARCH_PATHS = (
					"$(inherited)",
					"@executable_path/Frameworks",
				);
				PRODUCT_BUNDLE_IDENTIFIER = TonyChen.Instagram;
				PRODUCT_NAME = "$(TARGET_NAME)";
				SWIFT_VERSION = 5.0;
				TARGETED_DEVICE_FAMILY = "1,2";
			};
			name = Debug;
		};
		401EACF123FB53A100FCE6C1 /* Release */ = {
			isa = XCBuildConfiguration;
			baseConfigurationReference = DD3DF493D41402AE2A1DAE08 /* Pods-Instagram.release.xcconfig */;
			buildSettings = {
				ASSETCATALOG_COMPILER_APPICON_NAME = AppIcon;
				CODE_SIGN_STYLE = Automatic;
				DEVELOPMENT_TEAM = FEEKDZ763L;
				INFOPLIST_FILE = Instagram/Info.plist;
				LD_RUNPATH_SEARCH_PATHS = (
					"$(inherited)",
					"@executable_path/Frameworks",
				);
				PRODUCT_BUNDLE_IDENTIFIER = TonyChen.Instagram;
				PRODUCT_NAME = "$(TARGET_NAME)";
				SWIFT_VERSION = 5.0;
				TARGETED_DEVICE_FAMILY = "1,2";
			};
			name = Release;
		};
		401EACF323FB53A100FCE6C1 /* Debug */ = {
			isa = XCBuildConfiguration;
			baseConfigurationReference = 2E068F140CEC4B7E64523E18 /* Pods-InstagramTests.debug.xcconfig */;
			buildSettings = {
				ALWAYS_EMBED_SWIFT_STANDARD_LIBRARIES = YES;
				BUNDLE_LOADER = "$(TEST_HOST)";
				CODE_SIGN_STYLE = Automatic;
				DEVELOPMENT_TEAM = FEEKDZ763L;
				INFOPLIST_FILE = InstagramTests/Info.plist;
				IPHONEOS_DEPLOYMENT_TARGET = 13.2;
				LD_RUNPATH_SEARCH_PATHS = (
					"$(inherited)",
					"@executable_path/Frameworks",
					"@loader_path/Frameworks",
				);
				PRODUCT_BUNDLE_IDENTIFIER = TonyChen.InstagramTests;
				PRODUCT_NAME = "$(TARGET_NAME)";
				SWIFT_VERSION = 5.0;
				TARGETED_DEVICE_FAMILY = "1,2";
				TEST_HOST = "$(BUILT_PRODUCTS_DIR)/Instagram.app/Instagram";
			};
			name = Debug;
		};
		401EACF423FB53A100FCE6C1 /* Release */ = {
			isa = XCBuildConfiguration;
			baseConfigurationReference = 1D5FAD7E86D53C4D322D45AB /* Pods-InstagramTests.release.xcconfig */;
			buildSettings = {
				ALWAYS_EMBED_SWIFT_STANDARD_LIBRARIES = YES;
				BUNDLE_LOADER = "$(TEST_HOST)";
				CODE_SIGN_STYLE = Automatic;
				DEVELOPMENT_TEAM = FEEKDZ763L;
				INFOPLIST_FILE = InstagramTests/Info.plist;
				IPHONEOS_DEPLOYMENT_TARGET = 13.2;
				LD_RUNPATH_SEARCH_PATHS = (
					"$(inherited)",
					"@executable_path/Frameworks",
					"@loader_path/Frameworks",
				);
				PRODUCT_BUNDLE_IDENTIFIER = TonyChen.InstagramTests;
				PRODUCT_NAME = "$(TARGET_NAME)";
				SWIFT_VERSION = 5.0;
				TARGETED_DEVICE_FAMILY = "1,2";
				TEST_HOST = "$(BUILT_PRODUCTS_DIR)/Instagram.app/Instagram";
			};
			name = Release;
		};
		401EACF623FB53A100FCE6C1 /* Debug */ = {
			isa = XCBuildConfiguration;
			baseConfigurationReference = 1999DE967B40420711777E2E /* Pods-Instagram-InstagramUITests.debug.xcconfig */;
			buildSettings = {
				ALWAYS_EMBED_SWIFT_STANDARD_LIBRARIES = YES;
				CODE_SIGN_STYLE = Automatic;
				DEVELOPMENT_TEAM = FEEKDZ763L;
				INFOPLIST_FILE = InstagramUITests/Info.plist;
				LD_RUNPATH_SEARCH_PATHS = (
					"$(inherited)",
					"@executable_path/Frameworks",
					"@loader_path/Frameworks",
				);
				PRODUCT_BUNDLE_IDENTIFIER = TonyChen.InstagramUITests;
				PRODUCT_NAME = "$(TARGET_NAME)";
				SWIFT_VERSION = 5.0;
				TARGETED_DEVICE_FAMILY = "1,2";
				TEST_TARGET_NAME = Instagram;
			};
			name = Debug;
		};
		401EACF723FB53A100FCE6C1 /* Release */ = {
			isa = XCBuildConfiguration;
			baseConfigurationReference = FD70C9F93A7116AECF69898C /* Pods-Instagram-InstagramUITests.release.xcconfig */;
			buildSettings = {
				ALWAYS_EMBED_SWIFT_STANDARD_LIBRARIES = YES;
				CODE_SIGN_STYLE = Automatic;
				DEVELOPMENT_TEAM = FEEKDZ763L;
				INFOPLIST_FILE = InstagramUITests/Info.plist;
				LD_RUNPATH_SEARCH_PATHS = (
					"$(inherited)",
					"@executable_path/Frameworks",
					"@loader_path/Frameworks",
				);
				PRODUCT_BUNDLE_IDENTIFIER = TonyChen.InstagramUITests;
				PRODUCT_NAME = "$(TARGET_NAME)";
				SWIFT_VERSION = 5.0;
				TARGETED_DEVICE_FAMILY = "1,2";
				TEST_TARGET_NAME = Instagram;
			};
			name = Release;
		};
/* End XCBuildConfiguration section */

/* Begin XCConfigurationList section */
		401EACC023FB53A000FCE6C1 /* Build configuration list for PBXProject "Instagram" */ = {
			isa = XCConfigurationList;
			buildConfigurations = (
				401EACED23FB53A100FCE6C1 /* Debug */,
				401EACEE23FB53A100FCE6C1 /* Release */,
			);
			defaultConfigurationIsVisible = 0;
			defaultConfigurationName = Release;
		};
		401EACEF23FB53A100FCE6C1 /* Build configuration list for PBXNativeTarget "Instagram" */ = {
			isa = XCConfigurationList;
			buildConfigurations = (
				401EACF023FB53A100FCE6C1 /* Debug */,
				401EACF123FB53A100FCE6C1 /* Release */,
			);
			defaultConfigurationIsVisible = 0;
			defaultConfigurationName = Release;
		};
		401EACF223FB53A100FCE6C1 /* Build configuration list for PBXNativeTarget "InstagramTests" */ = {
			isa = XCConfigurationList;
			buildConfigurations = (
				401EACF323FB53A100FCE6C1 /* Debug */,
				401EACF423FB53A100FCE6C1 /* Release */,
			);
			defaultConfigurationIsVisible = 0;
			defaultConfigurationName = Release;
		};
		401EACF523FB53A100FCE6C1 /* Build configuration list for PBXNativeTarget "InstagramUITests" */ = {
			isa = XCConfigurationList;
			buildConfigurations = (
				401EACF623FB53A100FCE6C1 /* Debug */,
				401EACF723FB53A100FCE6C1 /* Release */,
			);
			defaultConfigurationIsVisible = 0;
			defaultConfigurationName = Release;
		};
/* End XCConfigurationList section */
	};
	rootObject = 401EACBD23FB53A000FCE6C1 /* Project object */;
}
